{
  "name": "DSCI4780_SPRIN-2025_THE-TECH-TITANS",
  "lockfileVersion": 3,
  "requires": true,
  "packages": {
    "": {
      "dependencies": {
        "gitk": "^0.47.0"
      }
    },
    "node_modules/commander": {
      "version": "9.4.1",
      "resolved": "https://registry.npmjs.org/commander/-/commander-9.4.1.tgz",
      "integrity": "sha512-5EEkTNyHNGFPD2H+c/dXXfQZYa/scCKasxWcXJaWnNJ99pnQN9Vnmqow+p+PlFPE63Q6mThaZws1T+HxfpgtPw==",
      "license": "MIT",
      "engines": {
        "node": "^12.20.0 || >=14"
      }
    },
    "node_modules/gitk": {
      "version": "0.47.0",
      "resolved": "https://registry.npmjs.org/gitk/-/gitk-0.47.0.tgz",
      "integrity": "sha512-Q3LYckin2XA0i9FL0JJ+sF8rpnT/r8x25mtm4UeBv/7cB2yY3OBrZ6rdC/cZ02TLeRIXOF9ZQaA+gcFwY6PS8w==",
      "dependencies": {
        "commander": "9.4.1"
      },
      "bin": {
        "gitk": "dist/index.js"
      }
    }
  }
}
